
Microsoft Visual Studio Solution File, Format Version 12.00
# Visual Studio Version 17
VisualStudioVersion = 17.0.32014.148
MinimumVisualStudioVersion = 10.0.40219.1
Project("{2150E333-8FDC-42A3-9474-1A3956D46DE8}") = "src", "src", "{B22D5FC9-492F-4B2D-8C24-C6888F4412F1}"
EndProject
Project("{2150E333-8FDC-42A3-9474-1A3956D46DE8}") = "tests", "tests", "{793AA0A7-5BB7-4F6D-9EA9-D229BB8ECD94}"
EndProject
Project("{2150E333-8FDC-42A3-9474-1A3956D46DE8}") = "Services", "Services", "{7FF1F85E-5874-43D1-885E-24848ECDDE29}"
EndProject
Project("{2150E333-8FDC-42A3-9474-1A3956D46DE8}") = "Solution Items", "Solution Items", "{85539915-9E91-4EAC-B36F-2C762BE718D7}"
	ProjectSection(SolutionItems) = preProject
		.editorconfig = .editorconfig
	EndProjectSection
EndProject
Project("{2150E333-8FDC-42A3-9474-1A3956D46DE8}") = "BuildingBlocks", "BuildingBlocks", "{13F16FA0-4730-495D-91FF-541F88273675}"
EndProject
Project("{2150E333-8FDC-42A3-9474-1A3956D46DE8}") = "EventBus", "EventBus", "{F50B454B-628F-45C8-B42D-3D0C8A501BDE}"
EndProject
Project("{2150E333-8FDC-42A3-9474-1A3956D46DE8}") = "Evaluation", "Evaluation", "{6BBCAF96-99BC-434C-BAA6-16962715398F}"
EndProject
Project("{2150E333-8FDC-42A3-9474-1A3956D46DE8}") = "GameRepository", "GameRepository", "{EF6621E0-5A5E-42C8-B51B-18771B27A16D}"
EndProject
Project("{2150E333-8FDC-42A3-9474-1A3956D46DE8}") = "Identity", "Identity", "{2C058622-3981-4293-A4B3-7C7196E96CB6}"
EndProject
Project("{2150E333-8FDC-42A3-9474-1A3956D46DE8}") = "Ordering", "Ordering", "{A35FB3EC-81FA-46AB-ACC5-5B72488BF978}"
EndProject
Project("{9A19103F-16F7-4668-BE54-9A1E7A4F7556}") = "Evaluation.API", "Services\Evaluation\Evaluation.API\Evaluation.API.csproj", "{C791C3F0-10A8-430B-BD84-03BEB427457C}"
EndProject
Project("{9A19103F-16F7-4668-BE54-9A1E7A4F7556}") = "GameRepo.API", "Services\GameRepository\GameRepo.API\GameRepo.API.csproj", "{99951CFC-E912-4543-A868-7048930223F1}"
EndProject
Project("{9A19103F-16F7-4668-BE54-9A1E7A4F7556}") = "Identity.API", "Services\IdentityServer\Identity.API\Identity.API.csproj", "{CDA17CAC-04CD-46A2-A0DC-2B3B62E87C76}"
EndProject
Project("{2150E333-8FDC-42A3-9474-1A3956D46DE8}") = "BackManager", "BackManager", "{736CFC8D-A0E5-4E64-B260-146162D89832}"
EndProject
Project("{9A19103F-16F7-4668-BE54-9A1E7A4F7556}") = "EventBusBase", "BuildingBlocks\EventBus\EventBusBase\EventBusBase.csproj", "{27957FD2-501B-4788-9113-1777821BEA36}"
EndProject
Project("{9A19103F-16F7-4668-BE54-9A1E7A4F7556}") = "EventBusRabbitMQ", "BuildingBlocks\EventBus\EventBusRabbitMQ\EventBusRabbitMQ.csproj", "{E59E9D76-1FCB-48DA-ADB0-F457D7898F46}"
EndProject
Project("{9A19103F-16F7-4668-BE54-9A1E7A4F7556}") = "IntegrationEventLogEF", "BuildingBlocks\EventBus\IntegrationEventLogEF\IntegrationEventLogEF.csproj", "{3A249A0E-9863-4E9D-8D38-559D1BB6139C}"
EndProject
Project("{2150E333-8FDC-42A3-9474-1A3956D46DE8}") = "Cache", "Cache", "{563B4731-3493-40D2-9F60-81B4B8A52EE5}"
EndProject
Project("{2150E333-8FDC-42A3-9474-1A3956D46DE8}") = "WebHostKits", "WebHostKits", "{A75BE03E-934B-46E6-AA3C-2BFE4B78309C}"
EndProject
Project("{9A19103F-16F7-4668-BE54-9A1E7A4F7556}") = "WebHost.Customization", "BuildingBlocks\WebHostKits\WebHost.Customization\WebHost.Customization.csproj", "{BB3BDC51-0917-4C38-AD5F-519A23A236FC}"
EndProject
Project("{9A19103F-16F7-4668-BE54-9A1E7A4F7556}") = "RedisRepository", "BuildingBlocks\DistributedCache\RedisRepository\RedisRepository.csproj", "{22E28978-885B-42AE-A62B-110707BFD89D}"
EndProject
Project("{9A19103F-16F7-4668-BE54-9A1E7A4F7556}") = "Ordering.API", "Services\Ordering\Ordering.API\Ordering.API.csproj", "{2B235059-A3E7-4225-A3E9-229A220D7D79}"
EndProject
Project("{9A19103F-16F7-4668-BE54-9A1E7A4F7556}") = "BackManage.API", "Services\BackManager\BackManage.API\BackManage.API.csproj", "{6E877BC4-62C4-4A1C-B2EE-E5351CDB7F24}"
EndProject
Project("{2150E333-8FDC-42A3-9474-1A3956D46DE8}") = "ApiGateways", "ApiGateways", "{C44904AC-77D6-4BB8-AE60-9833FB43B1F7}"
EndProject
Project("{2150E333-8FDC-42A3-9474-1A3956D46DE8}") = "Web Apps", "Web Apps", "{A98E88C4-851E-405C-91DB-B142EE4238C8}"
EndProject
Global
	GlobalSection(SolutionConfigurationPlatforms) = preSolution
		Debug|Any CPU = Debug|Any CPU
		Release|Any CPU = Release|Any CPU
	EndGlobalSection
	GlobalSection(ProjectConfigurationPlatforms) = postSolution
		{C791C3F0-10A8-430B-BD84-03BEB427457C}.Debug|Any CPU.ActiveCfg = Debug|Any CPU
		{C791C3F0-10A8-430B-BD84-03BEB427457C}.Debug|Any CPU.Build.0 = Debug|Any CPU
		{C791C3F0-10A8-430B-BD84-03BEB427457C}.Release|Any CPU.ActiveCfg = Release|Any CPU
		{C791C3F0-10A8-430B-BD84-03BEB427457C}.Release|Any CPU.Build.0 = Release|Any CPU
		{99951CFC-E912-4543-A868-7048930223F1}.Debug|Any CPU.ActiveCfg = Debug|Any CPU
		{99951CFC-E912-4543-A868-7048930223F1}.Debug|Any CPU.Build.0 = Debug|Any CPU
		{99951CFC-E912-4543-A868-7048930223F1}.Release|Any CPU.ActiveCfg = Release|Any CPU
		{99951CFC-E912-4543-A868-7048930223F1}.Release|Any CPU.Build.0 = Release|Any CPU
		{CDA17CAC-04CD-46A2-A0DC-2B3B62E87C76}.Debug|Any CPU.ActiveCfg = Debug|Any CPU
		{CDA17CAC-04CD-46A2-A0DC-2B3B62E87C76}.Debug|Any CPU.Build.0 = Debug|Any CPU
		{CDA17CAC-04CD-46A2-A0DC-2B3B62E87C76}.Release|Any CPU.ActiveCfg = Release|Any CPU
		{CDA17CAC-04CD-46A2-A0DC-2B3B62E87C76}.Release|Any CPU.Build.0 = Release|Any CPU
		{27957FD2-501B-4788-9113-1777821BEA36}.Debug|Any CPU.ActiveCfg = Debug|Any CPU
		{27957FD2-501B-4788-9113-1777821BEA36}.Debug|Any CPU.Build.0 = Debug|Any CPU
		{27957FD2-501B-4788-9113-1777821BEA36}.Release|Any CPU.ActiveCfg = Release|Any CPU
		{27957FD2-501B-4788-9113-1777821BEA36}.Release|Any CPU.Build.0 = Release|Any CPU
		{E59E9D76-1FCB-48DA-ADB0-F457D7898F46}.Debug|Any CPU.ActiveCfg = Debug|Any CPU
		{E59E9D76-1FCB-48DA-ADB0-F457D7898F46}.Debug|Any CPU.Build.0 = Debug|Any CPU
		{E59E9D76-1FCB-48DA-ADB0-F457D7898F46}.Release|Any CPU.ActiveCfg = Release|Any CPU
		{E59E9D76-1FCB-48DA-ADB0-F457D7898F46}.Release|Any CPU.Build.0 = Release|Any CPU
		{3A249A0E-9863-4E9D-8D38-559D1BB6139C}.Debug|Any CPU.ActiveCfg = Debug|Any CPU
		{3A249A0E-9863-4E9D-8D38-559D1BB6139C}.Debug|Any CPU.Build.0 = Debug|Any CPU
		{3A249A0E-9863-4E9D-8D38-559D1BB6139C}.Release|Any CPU.ActiveCfg = Release|Any CPU
		{3A249A0E-9863-4E9D-8D38-559D1BB6139C}.Release|Any CPU.Build.0 = Release|Any CPU
		{BB3BDC51-0917-4C38-AD5F-519A23A236FC}.Debug|Any CPU.ActiveCfg = Debug|Any CPU
		{BB3BDC51-0917-4C38-AD5F-519A23A236FC}.Debug|Any CPU.Build.0 = Debug|Any CPU
		{BB3BDC51-0917-4C38-AD5F-519A23A236FC}.Release|Any CPU.ActiveCfg = Release|Any CPU
		{BB3BDC51-0917-4C38-AD5F-519A23A236FC}.Release|Any CPU.Build.0 = Release|Any CPU
		{22E28978-885B-42AE-A62B-110707BFD89D}.Debug|Any CPU.ActiveCfg = Debug|Any CPU
		{22E28978-885B-42AE-A62B-110707BFD89D}.Debug|Any CPU.Build.0 = Debug|Any CPU
		{22E28978-885B-42AE-A62B-110707BFD89D}.Release|Any CPU.ActiveCfg = Release|Any CPU
		{22E28978-885B-42AE-A62B-110707BFD89D}.Release|Any CPU.Build.0 = Release|Any CPU
		{2B235059-A3E7-4225-A3E9-229A220D7D79}.Debug|Any CPU.ActiveCfg = Debug|Any CPU
		{2B235059-A3E7-4225-A3E9-229A220D7D79}.Debug|Any CPU.Build.0 = Debug|Any CPU
		{2B235059-A3E7-4225-A3E9-229A220D7D79}.Release|Any CPU.ActiveCfg = Release|Any CPU
		{2B235059-A3E7-4225-A3E9-229A220D7D79}.Release|Any CPU.Build.0 = Release|Any CPU
		{6E877BC4-62C4-4A1C-B2EE-E5351CDB7F24}.Debug|Any CPU.ActiveCfg = Debug|Any CPU
		{6E877BC4-62C4-4A1C-B2EE-E5351CDB7F24}.Debug|Any CPU.Build.0 = Debug|Any CPU
		{6E877BC4-62C4-4A1C-B2EE-E5351CDB7F24}.Release|Any CPU.ActiveCfg = Release|Any CPU
		{6E877BC4-62C4-4A1C-B2EE-E5351CDB7F24}.Release|Any CPU.Build.0 = Release|Any CPU
	EndGlobalSection
	GlobalSection(SolutionProperties) = preSolution
		HideSolutionNode = FALSE
	EndGlobalSection
	GlobalSection(NestedProjects) = preSolution
		{7FF1F85E-5874-43D1-885E-24848ECDDE29} = {B22D5FC9-492F-4B2D-8C24-C6888F4412F1}
		{13F16FA0-4730-495D-91FF-541F88273675} = {B22D5FC9-492F-4B2D-8C24-C6888F4412F1}
		{F50B454B-628F-45C8-B42D-3D0C8A501BDE} = {13F16FA0-4730-495D-91FF-541F88273675}
		{6BBCAF96-99BC-434C-BAA6-16962715398F} = {7FF1F85E-5874-43D1-885E-24848ECDDE29}
		{EF6621E0-5A5E-42C8-B51B-18771B27A16D} = {7FF1F85E-5874-43D1-885E-24848ECDDE29}
		{2C058622-3981-4293-A4B3-7C7196E96CB6} = {7FF1F85E-5874-43D1-885E-24848ECDDE29}
		{A35FB3EC-81FA-46AB-ACC5-5B72488BF978} = {7FF1F85E-5874-43D1-885E-24848ECDDE29}
		{C791C3F0-10A8-430B-BD84-03BEB427457C} = {6BBCAF96-99BC-434C-BAA6-16962715398F}
		{99951CFC-E912-4543-A868-7048930223F1} = {EF6621E0-5A5E-42C8-B51B-18771B27A16D}
		{CDA17CAC-04CD-46A2-A0DC-2B3B62E87C76} = {2C058622-3981-4293-A4B3-7C7196E96CB6}
		{736CFC8D-A0E5-4E64-B260-146162D89832} = {7FF1F85E-5874-43D1-885E-24848ECDDE29}
		{27957FD2-501B-4788-9113-1777821BEA36} = {F50B454B-628F-45C8-B42D-3D0C8A501BDE}
		{E59E9D76-1FCB-48DA-ADB0-F457D7898F46} = {F50B454B-628F-45C8-B42D-3D0C8A501BDE}
		{3A249A0E-9863-4E9D-8D38-559D1BB6139C} = {F50B454B-628F-45C8-B42D-3D0C8A501BDE}
		{563B4731-3493-40D2-9F60-81B4B8A52EE5} = {13F16FA0-4730-495D-91FF-541F88273675}
		{A75BE03E-934B-46E6-AA3C-2BFE4B78309C} = {13F16FA0-4730-495D-91FF-541F88273675}
		{BB3BDC51-0917-4C38-AD5F-519A23A236FC} = {A75BE03E-934B-46E6-AA3C-2BFE4B78309C}
		{22E28978-885B-42AE-A62B-110707BFD89D} = {563B4731-3493-40D2-9F60-81B4B8A52EE5}
		{2B235059-A3E7-4225-A3E9-229A220D7D79} = {A35FB3EC-81FA-46AB-ACC5-5B72488BF978}
		{6E877BC4-62C4-4A1C-B2EE-E5351CDB7F24} = {736CFC8D-A0E5-4E64-B260-146162D89832}
		{C44904AC-77D6-4BB8-AE60-9833FB43B1F7} = {B22D5FC9-492F-4B2D-8C24-C6888F4412F1}
		{A98E88C4-851E-405C-91DB-B142EE4238C8} = {B22D5FC9-492F-4B2D-8C24-C6888F4412F1}
	EndGlobalSection
	GlobalSection(ExtensibilityGlobals) = postSolution
		SolutionGuid = {6224699B-0AAE-4964-859B-ADDAD53620DF}
	EndGlobalSection
EndGlobal
